{
  "version": 4,
  "terraform_version": "1.14.5",
  "serial": 5,
  "lineage": "cb348fcb-7fcd-f6a1-d8b4-299c306a95d2",
  "outputs": {
    "container_id": {
      "value": "70d0aa9b1a82fef6c4c331f8f36fdcc3330b35683b68bf36aa3f1f6171eb1077",
      "type": "string"
    },
    "container_name": {
      "value": "future20-vm-dev",
      "type": "string"
    },
    "environment": {
      "value": "dev",
      "type": "string"
    },
    "ip_address": {
      "value": "172.18.0.2",
      "type": "string"
    },
    "network_name": {
      "value": "future20-dev",
      "type": "string"
    },
    "volume_name": {
      "value": "future20-vm-dev-data",
      "type": "string"
    }
  },
  "resources": [
    {
      "mode": "managed",
      "type": "docker_network",
      "name": "env_network",
      "provider": "provider[\"registry.terraform.io/kreuzwerker/docker\"]",
      "instances": [
        {
          "schema_version": 1,
          "attributes": {
            "attachable": false,
            "check_duplicate": null,
            "driver": "bridge",
            "id": "44ce4e9f0065f5740e0413c84ad545149ea5cdadc9323b7fa187ca4fbed194d8",
            "ingress": false,
            "internal": false,
            "ipam_config": [
              {
                "aux_address": {},
                "gateway": "172.18.0.1",
                "ip_range": "",
                "subnet": "172.18.0.0/16"
              }
            ],
            "ipam_driver": "default",
            "ipam_options": null,
            "ipv6": false,
            "labels": [
              {
                "label": "environment",
                "value": "dev"
              },
              {
                "label": "managed-by",
                "value": "terraform"
              }
            ],
            "name": "future20-dev",
            "options": {},
            "scope": "local"
          },
          "sensitive_attributes": [],
          "identity_schema_version": 0,
          "private": "eyJzY2hlbWFfdmVyc2lvbiI6IjEifQ=="
        }
      ]
    },
    {
      "module": "module.vm",
      "mode": "managed",
      "type": "docker_container",
      "name": "vm",
      "provider": "provider[\"registry.terraform.io/kreuzwerker/docker\"]",
      "instances": [
        {
          "schema_version": 2,
          "attributes": {
            "attach": false,
            "bridge": "",
            "capabilities": [],
            "cgroup_parent": null,
            "cgroupns_mode": null,
            "command": [
              "sleep",
              "infinity"
            ],
            "container_logs": null,
            "container_read_refresh_timeout_milliseconds": 15000,
            "cpu_period": null,
            "cpu_quota": null,
            "cpu_set": "",
            "cpu_shares": 256,
            "cpus": null,
            "destroy_grace_seconds": null,
            "devices": [],
            "dns": null,
            "dns_opts": null,
            "dns_search": null,
            "domainname": "",
            "entrypoint": [],
            "env": [
              "ENVIRONMENT=dev"
            ],
            "exit_code": null,
            "gpus": null,
            "group_add": null,
            "healthcheck": null,
            "host": [],
            "hostname": "70d0aa9b1a82",
            "id": "70d0aa9b1a82fef6c4c331f8f36fdcc3330b35683b68bf36aa3f1f6171eb1077",
            "image": "sha256:8ea4cbcf3a26ffe08ba1fa548831bc318beb1a689e921b70c0c47cac329e96fd",
            "init": false,
            "ipc_mode": "private",
            "labels": [
              {
                "label": "environment",
                "value": "dev"
              },
              {
                "label": "managed-by",
                "value": "terraform"
              },
              {
                "label": "module",
                "value": "vm"
              },
              {
                "label": "project",
                "value": "future-2.0"
              }
            ],
            "log_driver": "json-file",
            "log_opts": null,
            "logs": false,
            "max_retry_count": 0,
            "memory": 268435456,
            "memory_swap": 536870912,
            "mounts": [],
            "must_run": true,
            "name": "future20-vm-dev",
            "network_data": [
              {
                "gateway": "172.18.0.1",
                "global_ipv6_address": "",
                "global_ipv6_prefix_length": 0,
                "ip_address": "172.18.0.2",
                "ip_prefix_length": 16,
                "ipv6_gateway": "",
                "mac_address": "5e:df:97:a3:7f:08",
                "network_name": "future20-dev"
              }
            ],
            "network_mode": "bridge",
            "networks_advanced": [
              {
                "aliases": [],
                "ipv4_address": "",
                "ipv6_address": "",
                "name": "future20-dev"
              }
            ],
            "pid_mode": "",
            "ports": [],
            "privileged": false,
            "publish_all_ports": false,
            "read_only": false,
            "remove_volumes": true,
            "restart": "unless-stopped",
            "rm": false,
            "runtime": "runc",
            "security_opts": [],
            "shm_size": 64,
            "start": true,
            "stdin_open": false,
            "stop_signal": "",
            "stop_timeout": 0,
            "storage_opts": null,
            "sysctls": null,
            "tmpfs": null,
            "tty": false,
            "ulimit": [],
            "upload": [],
            "user": "",
            "userns_mode": "",
            "volumes": [
              {
                "container_path": "/mnt/data",
                "from_container": "",
                "host_path": "",
                "read_only": null,
                "volume_name": "future20-vm-dev-data"
              }
            ],
            "wait": false,
            "wait_timeout": 60,
            "working_dir": ""
          },
          "sensitive_attributes": [],
          "identity_schema_version": 0,
          "private": "eyJzY2hlbWFfdmVyc2lvbiI6IjIifQ==",
          "dependencies": [
            "docker_network.env_network",
            "module.vm.docker_image.vm",
            "module.vm.docker_volume.data"
          ]
        }
      ]
    },
    {
      "module": "module.vm",
      "mode": "managed",
      "type": "docker_image",
      "name": "vm",
      "provider": "provider[\"registry.terraform.io/kreuzwerker/docker\"]",
      "instances": [
        {
          "schema_version": 0,
          "attributes": {
            "build": [],
            "force_remove": null,
            "id": "sha256:8ea4cbcf3a26ffe08ba1fa548831bc318beb1a689e921b70c0c47cac329e96fdubuntu:22.04",
            "image_id": "sha256:8ea4cbcf3a26ffe08ba1fa548831bc318beb1a689e921b70c0c47cac329e96fd",
            "keep_locally": true,
            "name": "ubuntu:22.04",
            "platform": null,
            "pull_triggers": null,
            "repo_digest": "ubuntu@sha256:3ba65aa20f86a0fad9df2b2c259c613df006b2e6d0bfcc8a146afb8c525a9751",
            "timeouts": null,
            "triggers": null
          },
          "sensitive_attributes": [],
          "identity_schema_version": 0,
          "private": "eyJlMmJmYjczMC1lY2FhLTExZTYtOGY4OC0zNDM2M2JjN2M0YzAiOnsiY3JlYXRlIjoxMjAwMDAwMDAwMDAwLCJkZWxldGUiOjEyMDAwMDAwMDAwMDAsInVwZGF0ZSI6MTIwMDAwMDAwMDAwMH19"
        }
      ]
    },
    {
      "module": "module.vm",
      "mode": "managed",
      "type": "docker_volume",
      "name": "data",
      "provider": "provider[\"registry.terraform.io/kreuzwerker/docker\"]",
      "instances": [
        {
          "schema_version": 1,
          "attributes": {
            "driver": "local",
            "driver_opts": null,
            "id": "future20-vm-dev-data",
            "labels": [
              {
                "label": "disk-size-gb",
                "value": "5"
              },
              {
                "label": "environment",
                "value": "dev"
              },
              {
                "label": "managed-by",
                "value": "terraform"
              }
            ],
            "mountpoint": "/var/lib/docker/volumes/future20-vm-dev-data/_data",
            "name": "future20-vm-dev-data"
          },
          "sensitive_attributes": [],
          "identity_schema_version": 0,
          "private": "eyJzY2hlbWFfdmVyc2lvbiI6IjEifQ=="
        }
      ]
    }
  ],
  "check_results": [
    {
      "object_kind": "var",
      "config_addr": "module.vm.var.disk_size_gb",
      "status": "pass",
      "objects": [
        {
          "object_addr": "module.vm.var.disk_size_gb",
          "status": "pass"
        }
      ]
    },
    {
      "object_kind": "var",
      "config_addr": "module.vm.var.environment",
      "status": "pass",
      "objects": [
        {
          "object_addr": "module.vm.var.environment",
          "status": "pass"
        }
      ]
    },
    {
      "object_kind": "var",
      "config_addr": "module.vm.var.cpu_shares",
      "status": "pass",
      "objects": [
        {
          "object_addr": "module.vm.var.cpu_shares",
          "status": "pass"
        }
      ]
    },
    {
      "object_kind": "var",
      "config_addr": "module.vm.var.memory",
      "status": "pass",
      "objects": [
        {
          "object_addr": "module.vm.var.memory",
          "status": "pass"
        }
      ]
    }
  ]
}
